
Microsoft Visual Studio Solution File, Format Version 12.00
# Visual Studio Version 17
VisualStudioVersion = 17.14.36705.20
MinimumVisualStudioVersion = 10.0.40219.1
Project("{FAE04EC0-301F-11D3-BF4B-00C04F79EFBC}") = "VidyaOSWebAPI", "VidyaOSWebAPI\VidyaOSWebAPI.csproj", "{3763B096-0331-43BD-BEA3-2DF5659FA352}"
EndProject
Project("{FAE04EC0-301F-11D3-BF4B-00C04F79EFBC}") = "VidyaOSServices", "VidyaOSServices\VidyaOSServices.csproj", "{4FCF4999-4595-4A26-8D37-4B76B02E1B4C}"
EndProject
Project("{FAE04EC0-301F-11D3-BF4B-00C04F79EFBC}") = "VidyaOSDAL", "VidyaOSDAL\VidyaOSDAL.csproj", "{BF8E842B-EAE3-438B-9CFD-571B93A774CE}"
EndProject
Project("{FAE04EC0-301F-11D3-BF4B-00C04F79EFBC}") = "VidyaOSHelper", "VidyaOSHelper\VidyaOSHelper.csproj", "{1D7C4CB4-8D4C-4D1A-9C56-13C279BFC9B0}"
EndProject
Project("{E24C65DC-7377-472B-9ABA-BC803B73C61A}") = "VidyaOSClientApp", "..\..\VidyaOS\VidyaOSClientApp\", "{E82E17B8-4FF5-6A19-D257-A39B2F1D3081}"
	ProjectSection(WebsiteProperties) = preProject
		TargetFrameworkMoniker = ".NETFramework,Version%3Dv4.8"
		Debug.AspNetCompiler.VirtualPath = "/localhost_56642"
		Debug.AspNetCompiler.PhysicalPath = "..\..\VidyaOS\VidyaOSClientApp\"
		Debug.AspNetCompiler.TargetPath = "PrecompiledWeb\localhost_56642\"
		Debug.AspNetCompiler.Updateable = "true"
		Debug.AspNetCompiler.ForceOverwrite = "true"
		Debug.AspNetCompiler.FixedNames = "false"
		Debug.AspNetCompiler.Debug = "True"
		Release.AspNetCompiler.VirtualPath = "/localhost_56642"
		Release.AspNetCompiler.PhysicalPath = "..\..\VidyaOS\VidyaOSClientApp\"
		Release.AspNetCompiler.TargetPath = "PrecompiledWeb\localhost_56642\"
		Release.AspNetCompiler.Updateable = "true"
		Release.AspNetCompiler.ForceOverwrite = "true"
		Release.AspNetCompiler.FixedNames = "false"
		Release.AspNetCompiler.Debug = "False"
		VWDPort = "56642"
		SlnRelativePath = "..\..\VidyaOS\VidyaOSClientApp\"
	EndProjectSection
EndProject
Global
	GlobalSection(SolutionConfigurationPlatforms) = preSolution
		Debug|Any CPU = Debug|Any CPU
		Release|Any CPU = Release|Any CPU
	EndGlobalSection
	GlobalSection(ProjectConfigurationPlatforms) = postSolution
		{3763B096-0331-43BD-BEA3-2DF5659FA352}.Debug|Any CPU.ActiveCfg = Debug|Any CPU
		{3763B096-0331-43BD-BEA3-2DF5659FA352}.Debug|Any CPU.Build.0 = Debug|Any CPU
		{3763B096-0331-43BD-BEA3-2DF5659FA352}.Release|Any CPU.ActiveCfg = Release|Any CPU
		{3763B096-0331-43BD-BEA3-2DF5659FA352}.Release|Any CPU.Build.0 = Release|Any CPU
		{4FCF4999-4595-4A26-8D37-4B76B02E1B4C}.Debug|Any CPU.ActiveCfg = Debug|Any CPU
		{4FCF4999-4595-4A26-8D37-4B76B02E1B4C}.Debug|Any CPU.Build.0 = Debug|Any CPU
		{4FCF4999-4595-4A26-8D37-4B76B02E1B4C}.Release|Any CPU.ActiveCfg = Release|Any CPU
		{4FCF4999-4595-4A26-8D37-4B76B02E1B4C}.Release|Any CPU.Build.0 = Release|Any CPU
		{BF8E842B-EAE3-438B-9CFD-571B93A774CE}.Debug|Any CPU.ActiveCfg = Debug|Any CPU
		{BF8E842B-EAE3-438B-9CFD-571B93A774CE}.Debug|Any CPU.Build.0 = Debug|Any CPU
		{BF8E842B-EAE3-438B-9CFD-571B93A774CE}.Release|Any CPU.ActiveCfg = Release|Any CPU
		{BF8E842B-EAE3-438B-9CFD-571B93A774CE}.Release|Any CPU.Build.0 = Release|Any CPU
		{1D7C4CB4-8D4C-4D1A-9C56-13C279BFC9B0}.Debug|Any CPU.ActiveCfg = Debug|Any CPU
		{1D7C4CB4-8D4C-4D1A-9C56-13C279BFC9B0}.Debug|Any CPU.Build.0 = Debug|Any CPU
		{1D7C4CB4-8D4C-4D1A-9C56-13C279BFC9B0}.Release|Any CPU.ActiveCfg = Release|Any CPU
		{1D7C4CB4-8D4C-4D1A-9C56-13C279BFC9B0}.Release|Any CPU.Build.0 = Release|Any CPU
		{E82E17B8-4FF5-6A19-D257-A39B2F1D3081}.Debug|Any CPU.ActiveCfg = Debug|Any CPU
		{E82E17B8-4FF5-6A19-D257-A39B2F1D3081}.Debug|Any CPU.Build.0 = Debug|Any CPU
		{E82E17B8-4FF5-6A19-D257-A39B2F1D3081}.Release|Any CPU.ActiveCfg = Debug|Any CPU
		{E82E17B8-4FF5-6A19-D257-A39B2F1D3081}.Release|Any CPU.Build.0 = Debug|Any CPU
	EndGlobalSection
	GlobalSection(SolutionProperties) = preSolution
		HideSolutionNode = FALSE
	EndGlobalSection
	GlobalSection(ExtensibilityGlobals) = postSolution
		SolutionGuid = {214EF926-0DA3-4E58-B4CD-1F6628527AB1}
	EndGlobalSection
EndGlobal
